<Solution>
  <Folder Name="/Global/">
    <File Path=".editorconfig" />
    <File Path=".gitignore" />
    <File Path="add-migration.ps1" />
    <File Path="Directory.Build.props" />
    <File Path="Directory.Packages.props" />
    <File Path="README.md" />
  </Folder>
  <Folder Name="/tests/">
    <Project Path="tests/GtPrax.Application.Tests/GtPrax.Application.Tests.csproj" />
    <Project Path="tests/GtPrax.Infrastructure.Tests/GtPrax.Infrastructure.Tests.csproj" />
    <Project Path="tests/GtPrax.WebApp.Tests/GtPrax.WebApp.Tests.csproj" />
  </Folder>
  <Project Path="src/GtPrax.Application/GtPrax.Application.csproj" />
  <Project Path="src/GtPrax.Aspire/GtPrax.Aspire.csproj" />
  <Project Path="src/GtPrax.Infrastructure/GtPrax.Infrastructure.csproj" />
  <Project Path="src/GtPrax.WebApp/GtPrax.WebApp.csproj" />
</Solution>
